DEPENDENCIES
  homebrew (~> 1.9.0)
  minifu
    git: git://github.com/jfwilkus/minifu.git
    revision: b880a59984842143a38c215a3ab1184174bc4696

GRAPH
  homebrew (1.9.0)
  minifu (0.1.15)
    homebrew (>= 0.0.0)
    omnibus_updater (>= 0.0.0)
    yum (>= 0.0.0)
    yum-epel (>= 0.0.0)
  omnibus_updater (1.0.0)
  yum (3.2.4)
  yum-epel (0.4.0)
    yum (~> 3.0)
